
Microsoft Visual Studio Solution File, Format Version 12.00
# Visual Studio 15
VisualStudioVersion = 15.0.26730.12
MinimumVisualStudioVersion = 10.0.40219.1
Project("{9A19103F-16F7-4668-BE54-9A1E7A4F7556}") = "IFormFileExtensions", "IFormFileExtensions.csproj", "{A1598221-2214-403E-8CCC-10517AD462B8}"
EndProject
Global
	GlobalSection(SolutionConfigurationPlatforms) = preSolution
		Debug|Any CPU = Debug|Any CPU
		Release|Any CPU = Release|Any CPU
	EndGlobalSection
	GlobalSection(ProjectConfigurationPlatforms) = postSolution
		{A1598221-2214-403E-8CCC-10517AD462B8}.Debug|Any CPU.ActiveCfg = Debug|Any CPU
		{A1598221-2214-403E-8CCC-10517AD462B8}.Debug|Any CPU.Build.0 = Debug|Any CPU
		{A1598221-2214-403E-8CCC-10517AD462B8}.Release|Any CPU.ActiveCfg = Release|Any CPU
		{A1598221-2214-403E-8CCC-10517AD462B8}.Release|Any CPU.Build.0 = Release|Any CPU
	EndGlobalSection
	GlobalSection(SolutionProperties) = preSolution
		HideSolutionNode = FALSE
	EndGlobalSection
	GlobalSection(ExtensibilityGlobals) = postSolution
		SolutionGuid = {62F237A8-5C36-4855-8FC1-C4ED2AF40A7D}
	EndGlobalSection
EndGlobal
